{
  "name": "backend",
  "lockfileVersion": 3,
  "requires": true,
  "packages": {
    "": {
      "dependencies": {
        "pipreqs": "^0.0.1-security"
      }
    },
    "node_modules/pipreqs": {
      "version": "0.0.1-security",
      "resolved": "https://registry.npmjs.org/pipreqs/-/pipreqs-0.0.1-security.tgz",
      "integrity": "sha512-sbbPsQVRtP2htySHRmekM3EYmWumdPz05d6szDV7PSdZzJawbGEUJ9b3gQPivJZ9nMtcDD4D3S8dhP40tjgwdw=="
    }
  }
}
